<?xml version="1.0" encoding="utf-8"?>
<Project ToolsVersion="4.0" xmlns="http://schemas.microsoft.com/developer/msbuild/2003">
  <ItemGroup>
    <Filter Include="Source Files">
      <UniqueIdentifier>{4FC737F1-C7A5-4376-A066-2A32D752A2FF}</UniqueIdentifier>
      <Extensions>cpp;c;cc;cxx;def;odl;idl;hpj;bat;asm;asmx</Extensions>
    </Filter>
    <Filter Include="Tests">
      <UniqueIdentifier>{31ad3cc9-8bbb-4b40-a232-f678b36fc79c}</UniqueIdentifier>
    </Filter>
    <Filter Include="Interfaces">
      <UniqueIdentifier>{9a8adf13-5be9-4646-92b3-c6df1b34f7a1}</UniqueIdentifier>
    </Filter>
  </ItemGroup>
  <ItemGroup>
    <ClInclude Include="Parameters.h">
      <Filter>Source Files</Filter>
    </ClInclude>
    <ClInclude Include="TokenParser.h">
      <Filter>Source Files</Filter>
    </ClInclude>
    <ClInclude Include="Tests\TDDAssert.h">
      <Filter>Tests</Filter>
    </ClInclude>
    <ClInclude Include="ILineFetcher.h">
      <Filter>Interfaces</Filter>
    </ClInclude>
    <ClInclude Include="OperatorStack.h">
      <Filter>Source Files</Filter>
    </ClInclude>
    <ClInclude Include="Operator.h">
      <Filter>Source Files</Filter>
    </ClInclude>
    <ClInclude Include="ScriptEngine.h">
      <Filter>Source Files</Filter>
    </ClInclude>
    <ClInclude Include="Script.h">
      <Filter>Source Files</Filter>
    </ClInclude>
    <ClInclude Include="ExpressionParser.h">
      <Filter>Source Files</Filter>
    </ClInclude>
    <ClInclude Include="VariableEngine.h">
      <Filter>Source Files</Filter>
    </ClInclude>
    <ClInclude Include="Tests\MockObjects.h">
      <Filter>Tests</Filter>
    </ClInclude>
    <ClInclude Include="IVariableEngine.h">
      <Filter>Source Files</Filter>
    </ClInclude>
    <ClInclude Include="ITokenParser.h">
      <Filter>Source Files</Filter>
    </ClInclude>
    <ClInclude Include="Interpreter.h">
      <Filter>Source Files</Filter>
    </ClInclude>
    <ClInclude Include="PCodeItem.h" />
    <ClInclude Include="CompileError.h">
      <Filter>Source Files</Filter>
    </ClInclude>
  </ItemGroup>
  <ItemGroup>
    <ClCompile Include="ScriptCompiler.cpp">
      <Filter>Source Files</Filter>
    </ClCompile>
    <ClCompile Include="Parameters.cpp">
      <Filter>Source Files</Filter>
    </ClCompile>
    <ClCompile Include="Tests\TestTokenParser.cpp">
      <Filter>Tests</Filter>
    </ClCompile>
    <ClCompile Include="TokenParser.cpp">
      <Filter>Source Files</Filter>
    </ClCompile>
    <ClCompile Include="Tests\TDDAssert.cpp">
      <Filter>Tests</Filter>
    </ClCompile>
    <ClCompile Include="Tests\Tests.cpp">
      <Filter>Tests</Filter>
    </ClCompile>
    <ClCompile Include="Tests\TestParameters.cpp">
      <Filter>Tests</Filter>
    </ClCompile>
    <ClCompile Include="Tests\TestOperatorStack.cpp">
      <Filter>Tests</Filter>
    </ClCompile>
    <ClCompile Include="OperatorStack.cpp">
      <Filter>Source Files</Filter>
    </ClCompile>
    <ClCompile Include="Operator.cpp">
      <Filter>Source Files</Filter>
    </ClCompile>
    <ClCompile Include="Tests\TestScriptEngine.cpp">
      <Filter>Tests</Filter>
    </ClCompile>
    <ClCompile Include="ScriptEngine.cpp">
      <Filter>Source Files</Filter>
    </ClCompile>
    <ClCompile Include="Script.cpp">
      <Filter>Source Files</Filter>
    </ClCompile>
    <ClCompile Include="Tests\TestExpressionParser.cpp">
      <Filter>Tests</Filter>
    </ClCompile>
    <ClCompile Include="ExpressionParser.cpp">
      <Filter>Source Files</Filter>
    </ClCompile>
    <ClCompile Include="VariableEngine.cpp">
      <Filter>Source Files</Filter>
    </ClCompile>
    <ClCompile Include="Tests\MockObjects.cpp">
      <Filter>Tests</Filter>
    </ClCompile>
    <ClCompile Include="Interpreter.cpp">
      <Filter>Source Files</Filter>
    </ClCompile>
    <ClCompile Include="PCodeItem.cpp">
      <Filter>Source Files</Filter>
    </ClCompile>
  </ItemGroup>
</Project>