
Microsoft Visual Studio Solution File, Format Version 12.00
# Visual Studio Version 17
VisualStudioVersion = 17.5.33209.295
MinimumVisualStudioVersion = 10.0.40219.1
Project("{FAE04EC0-301F-11D3-BF4B-00C04F79EFBC}") = "ScriptRunner", "ScriptRunner.csproj", "{EDEC21DD-1523-4635-9170-458B77CF221E}"
EndProject
Project("{9A19103F-16F7-4668-BE54-9A1E7A4F7556}") = "Interpreter", "..\Interpreter\Interpreter.csproj", "{51E2E315-17D9-4593-927F-365611CBE6A3}"
EndProject
Project("{FAE04EC0-301F-11D3-BF4B-00C04F79EFBC}") = "Interpreter.Tests", "Interpreter.Tests\Interpreter.Tests.csproj", "{EB938EF2-5981-4A34-B88C-638813345570}"
EndProject
Global
	GlobalSection(SolutionConfigurationPlatforms) = preSolution
		Debug|Any CPU = Debug|Any CPU
		Release|Any CPU = Release|Any CPU
	EndGlobalSection
	GlobalSection(ProjectConfigurationPlatforms) = postSolution
		{EDEC21DD-1523-4635-9170-458B77CF221E}.Debug|Any CPU.ActiveCfg = Debug|Any CPU
		{EDEC21DD-1523-4635-9170-458B77CF221E}.Debug|Any CPU.Build.0 = Debug|Any CPU
		{EDEC21DD-1523-4635-9170-458B77CF221E}.Release|Any CPU.ActiveCfg = Release|Any CPU
		{EDEC21DD-1523-4635-9170-458B77CF221E}.Release|Any CPU.Build.0 = Release|Any CPU
		{51E2E315-17D9-4593-927F-365611CBE6A3}.Debug|Any CPU.ActiveCfg = Debug|Any CPU
		{51E2E315-17D9-4593-927F-365611CBE6A3}.Debug|Any CPU.Build.0 = Debug|Any CPU
		{51E2E315-17D9-4593-927F-365611CBE6A3}.Release|Any CPU.ActiveCfg = Release|Any CPU
		{51E2E315-17D9-4593-927F-365611CBE6A3}.Release|Any CPU.Build.0 = Release|Any CPU
		{EB938EF2-5981-4A34-B88C-638813345570}.Debug|Any CPU.ActiveCfg = Debug|Any CPU
		{EB938EF2-5981-4A34-B88C-638813345570}.Debug|Any CPU.Build.0 = Debug|Any CPU
		{EB938EF2-5981-4A34-B88C-638813345570}.Release|Any CPU.ActiveCfg = Release|Any CPU
		{EB938EF2-5981-4A34-B88C-638813345570}.Release|Any CPU.Build.0 = Release|Any CPU
	EndGlobalSection
	GlobalSection(SolutionProperties) = preSolution
		HideSolutionNode = FALSE
	EndGlobalSection
	GlobalSection(ExtensibilityGlobals) = postSolution
		SolutionGuid = {03D92BE8-38D3-46FA-8B14-8957F31C5727}
	EndGlobalSection
EndGlobal
